
Microsoft Visual Studio Solution File, Format Version 12.00
# Visual Studio 15
VisualStudioVersion = 15.0.26730.10
MinimumVisualStudioVersion = 10.0.40219.1
Project("{8BC9CEB8-8B4A-11D0-8D11-00A0C91BC942}") = "CS240Program3", "CS240Program3\CS240Program3.vcxproj", "{E01834B8-78B7-46E8-A109-DD0AEF1E1B4E}"
EndProject
Global
	GlobalSection(SolutionConfigurationPlatforms) = preSolution
		Debug|x64 = Debug|x64
		Debug|x86 = Debug|x86
		Release|x64 = Release|x64
		Release|x86 = Release|x86
	EndGlobalSection
	GlobalSection(ProjectConfigurationPlatforms) = postSolution
		{E01834B8-78B7-46E8-A109-DD0AEF1E1B4E}.Debug|x64.ActiveCfg = Debug|x64
		{E01834B8-78B7-46E8-A109-DD0AEF1E1B4E}.Debug|x64.Build.0 = Debug|x64
		{E01834B8-78B7-46E8-A109-DD0AEF1E1B4E}.Debug|x86.ActiveCfg = Debug|Win32
		{E01834B8-78B7-46E8-A109-DD0AEF1E1B4E}.Debug|x86.Build.0 = Debug|Win32
		{E01834B8-78B7-46E8-A109-DD0AEF1E1B4E}.Release|x64.ActiveCfg = Release|x64
		{E01834B8-78B7-46E8-A109-DD0AEF1E1B4E}.Release|x64.Build.0 = Release|x64
		{E01834B8-78B7-46E8-A109-DD0AEF1E1B4E}.Release|x86.ActiveCfg = Release|Win32
		{E01834B8-78B7-46E8-A109-DD0AEF1E1B4E}.Release|x86.Build.0 = Release|Win32
	EndGlobalSection
	GlobalSection(SolutionProperties) = preSolution
		HideSolutionNode = FALSE
	EndGlobalSection
	GlobalSection(ExtensibilityGlobals) = postSolution
		SolutionGuid = {A60CE6EA-A8DA-42BD-B401-789DFA471B57}
	EndGlobalSection
EndGlobal
